
Microsoft Visual Studio Solution File, Format Version 12.00
# Visual Studio Version 17
VisualStudioVersion = 17.5.33414.496
MinimumVisualStudioVersion = 10.0.40219.1
Project("{FAE04EC0-301F-11D3-BF4B-00C04F79EFBC}") = "ATIVIDADE03AED", "ATIVIDADE03AED\ATIVIDADE03AED.csproj", "{B56565B0-80E4-4095-82E3-DC4902C9010F}"
EndProject
Global
	GlobalSection(SolutionConfigurationPlatforms) = preSolution
		Debug|Any CPU = Debug|Any CPU
		Release|Any CPU = Release|Any CPU
	EndGlobalSection
	GlobalSection(ProjectConfigurationPlatforms) = postSolution
		{B56565B0-80E4-4095-82E3-DC4902C9010F}.Debug|Any CPU.ActiveCfg = Debug|Any CPU
		{B56565B0-80E4-4095-82E3-DC4902C9010F}.Debug|Any CPU.Build.0 = Debug|Any CPU
		{B56565B0-80E4-4095-82E3-DC4902C9010F}.Release|Any CPU.ActiveCfg = Release|Any CPU
		{B56565B0-80E4-4095-82E3-DC4902C9010F}.Release|Any CPU.Build.0 = Release|Any CPU
	EndGlobalSection
	GlobalSection(SolutionProperties) = preSolution
		HideSolutionNode = FALSE
	EndGlobalSection
	GlobalSection(ExtensibilityGlobals) = postSolution
		SolutionGuid = {287FE8A7-577C-463F-886E-FFF0991C9383}
	EndGlobalSection
EndGlobal
